
Microsoft Visual Studio Solution File, Format Version 12.00
# Visual Studio Version 17
VisualStudioVersion = 17.3.32825.248
MinimumVisualStudioVersion = 10.0.40219.1
Project("{FAE04EC0-301F-11D3-BF4B-00C04F79EFBC}") = "ConsoleApp24", "ConsoleApp24\ConsoleApp24.csproj", "{D328EDCF-3FA4-4C4B-980E-D9EDD46A5D92}"
EndProject
Global
	GlobalSection(SolutionConfigurationPlatforms) = preSolution
		Debug|Any CPU = Debug|Any CPU
		Release|Any CPU = Release|Any CPU
	EndGlobalSection
	GlobalSection(ProjectConfigurationPlatforms) = postSolution
		{D328EDCF-3FA4-4C4B-980E-D9EDD46A5D92}.Debug|Any CPU.ActiveCfg = Debug|Any CPU
		{D328EDCF-3FA4-4C4B-980E-D9EDD46A5D92}.Debug|Any CPU.Build.0 = Debug|Any CPU
		{D328EDCF-3FA4-4C4B-980E-D9EDD46A5D92}.Release|Any CPU.ActiveCfg = Release|Any CPU
		{D328EDCF-3FA4-4C4B-980E-D9EDD46A5D92}.Release|Any CPU.Build.0 = Release|Any CPU
	EndGlobalSection
	GlobalSection(SolutionProperties) = preSolution
		HideSolutionNode = FALSE
	EndGlobalSection
	GlobalSection(ExtensibilityGlobals) = postSolution
		SolutionGuid = {422B93D1-BE1C-4239-BE1D-41CB3FC5C6A4}
	EndGlobalSection
EndGlobal
